
Microsoft Visual Studio Solution File, Format Version 12.00
# Visual Studio 15
VisualStudioVersion = 15.0.28307.852
MinimumVisualStudioVersion = 10.0.40219.1
Project("{FAE04EC0-301F-11D3-BF4B-00C04F79EFBC}") = "vuoropohjainen2", "vuoropohjainen2\vuoropohjainen2.csproj", "{2DEF91DC-AA48-4622-9014-2EE338DDB8BB}"
EndProject
Global
	GlobalSection(SolutionConfigurationPlatforms) = preSolution
		Debug|Any CPU = Debug|Any CPU
		Release|Any CPU = Release|Any CPU
	EndGlobalSection
	GlobalSection(ProjectConfigurationPlatforms) = postSolution
		{2DEF91DC-AA48-4622-9014-2EE338DDB8BB}.Debug|Any CPU.ActiveCfg = Debug|Any CPU
		{2DEF91DC-AA48-4622-9014-2EE338DDB8BB}.Debug|Any CPU.Build.0 = Debug|Any CPU
		{2DEF91DC-AA48-4622-9014-2EE338DDB8BB}.Release|Any CPU.ActiveCfg = Release|Any CPU
		{2DEF91DC-AA48-4622-9014-2EE338DDB8BB}.Release|Any CPU.Build.0 = Release|Any CPU
	EndGlobalSection
	GlobalSection(SolutionProperties) = preSolution
		HideSolutionNode = FALSE
	EndGlobalSection
	GlobalSection(ExtensibilityGlobals) = postSolution
		SolutionGuid = {DFD7BB49-0650-4A6B-964F-F0FED2241D94}
	EndGlobalSection
EndGlobal
